
Microsoft Visual Studio Solution File, Format Version 12.00
# Visual Studio 15
VisualStudioVersion = 15.0.26430.15
MinimumVisualStudioVersion = 10.0.40219.1
Project("{FAE04EC0-301F-11D3-BF4B-00C04F79EFBC}") = "ClasseObject1", "ClasseObject1\ClasseObject1.csproj", "{3B7CA303-6E4F-46BE-95CA-47D188C87A3E}"
EndProject
Project("{FAE04EC0-301F-11D3-BF4B-00C04F79EFBC}") = "TiposBasicos1", "TiposBasicos1\TiposBasicos1.csproj", "{B460415E-0643-4647-80C0-E6CCFE3A2EF6}"
EndProject
Project("{FAE04EC0-301F-11D3-BF4B-00C04F79EFBC}") = "MetodoComParams", "MetodoComParams\MetodoComParams.csproj", "{21FBA03F-A18E-4779-BF17-BAFA3527A033}"
EndProject
Project("{FAE04EC0-301F-11D3-BF4B-00C04F79EFBC}") = "VetorMatriz1", "VetorMatriz1\VetorMatriz1.csproj", "{FECF27E8-4FE2-4237-B523-1E5932011AA3}"
EndProject
Global
	GlobalSection(SolutionConfigurationPlatforms) = preSolution
		Debug|Any CPU = Debug|Any CPU
		Release|Any CPU = Release|Any CPU
	EndGlobalSection
	GlobalSection(ProjectConfigurationPlatforms) = postSolution
		{3B7CA303-6E4F-46BE-95CA-47D188C87A3E}.Debug|Any CPU.ActiveCfg = Debug|Any CPU
		{3B7CA303-6E4F-46BE-95CA-47D188C87A3E}.Debug|Any CPU.Build.0 = Debug|Any CPU
		{3B7CA303-6E4F-46BE-95CA-47D188C87A3E}.Release|Any CPU.ActiveCfg = Release|Any CPU
		{3B7CA303-6E4F-46BE-95CA-47D188C87A3E}.Release|Any CPU.Build.0 = Release|Any CPU
		{B460415E-0643-4647-80C0-E6CCFE3A2EF6}.Debug|Any CPU.ActiveCfg = Debug|Any CPU
		{B460415E-0643-4647-80C0-E6CCFE3A2EF6}.Debug|Any CPU.Build.0 = Debug|Any CPU
		{B460415E-0643-4647-80C0-E6CCFE3A2EF6}.Release|Any CPU.ActiveCfg = Release|Any CPU
		{B460415E-0643-4647-80C0-E6CCFE3A2EF6}.Release|Any CPU.Build.0 = Release|Any CPU
		{21FBA03F-A18E-4779-BF17-BAFA3527A033}.Debug|Any CPU.ActiveCfg = Debug|Any CPU
		{21FBA03F-A18E-4779-BF17-BAFA3527A033}.Debug|Any CPU.Build.0 = Debug|Any CPU
		{21FBA03F-A18E-4779-BF17-BAFA3527A033}.Release|Any CPU.ActiveCfg = Release|Any CPU
		{21FBA03F-A18E-4779-BF17-BAFA3527A033}.Release|Any CPU.Build.0 = Release|Any CPU
		{FECF27E8-4FE2-4237-B523-1E5932011AA3}.Debug|Any CPU.ActiveCfg = Debug|Any CPU
		{FECF27E8-4FE2-4237-B523-1E5932011AA3}.Debug|Any CPU.Build.0 = Debug|Any CPU
		{FECF27E8-4FE2-4237-B523-1E5932011AA3}.Release|Any CPU.ActiveCfg = Release|Any CPU
		{FECF27E8-4FE2-4237-B523-1E5932011AA3}.Release|Any CPU.Build.0 = Release|Any CPU
	EndGlobalSection
	GlobalSection(SolutionProperties) = preSolution
		HideSolutionNode = FALSE
	EndGlobalSection
EndGlobal
