
Microsoft Visual Studio Solution File, Format Version 12.00
# Visual Studio 15
VisualStudioVersion = 15.0.26430.15
MinimumVisualStudioVersion = 10.0.40219.1
Project("{FAE04EC0-301F-11D3-BF4B-00C04F79EFBC}") = "ClasseObject1", "ClasseObject1\ClasseObject1.csproj", "{3B7CA303-6E4F-46BE-95CA-47D188C87A3E}"
EndProject
Project("{FAE04EC0-301F-11D3-BF4B-00C04F79EFBC}") = "TiposBasicos1", "TiposBasicos1\TiposBasicos1.csproj", "{B460415E-0643-4647-80C0-E6CCFE3A2EF6}"
EndProject
Project("{FAE04EC0-301F-11D3-BF4B-00C04F79EFBC}") = "MetodoComParams", "MetodoComParams\MetodoComParams.csproj", "{21FBA03F-A18E-4779-BF17-BAFA3527A033}"
EndProject
Project("{FAE04EC0-301F-11D3-BF4B-00C04F79EFBC}") = "VetorMatriz1", "VetorMatriz1\VetorMatriz1.csproj", "{FECF27E8-4FE2-4237-B523-1E5932011AA3}"
EndProject
Project("{FAE04EC0-301F-11D3-BF4B-00C04F79EFBC}") = "Delegate1", "Delegate1\Delegate1.csproj", "{E713C43D-46BF-45EC-A2DF-61D937B26600}"
EndProject
Project("{FAE04EC0-301F-11D3-BF4B-00C04F79EFBC}") = "ModeloPadradoDeEventos1", "ModeloPadradoDeEventos1\ModeloPadradoDeEventos1.csproj", "{F37F8495-7656-456C-8745-7035038E2A14}"
EndProject
Project("{FAE04EC0-301F-11D3-BF4B-00C04F79EFBC}") = "ExpressoesLambda1", "ExpressoesLambda1\ExpressoesLambda1.csproj", "{249E9287-B156-4D53-8356-3C4322451EA3}"
EndProject
Project("{FAE04EC0-301F-11D3-BF4B-00C04F79EFBC}") = "FrameworksDeAcesso_ORMs_ConsultaLINQ1", "FrameworksDeAcesso_ORMs_ConsultaLINQ1\FrameworksDeAcesso_ORMs_ConsultaLINQ1.csproj", "{9DA08F19-D8EB-4540-BD02-88FE6F6747DF}"
EndProject
Project("{FAE04EC0-301F-11D3-BF4B-00C04F79EFBC}") = "InterpolacaoDeString1", "InterpolacaoDeString1\InterpolacaoDeString1.csproj", "{670BB53B-BB5E-48B8-BEED-A95593B88674}"
EndProject
Project("{FAE04EC0-301F-11D3-BF4B-00C04F79EFBC}") = "WinFormCadEditoraJSON1", "WinFormCadEditoraJSON1\WinFormCadEditoraJSON1.csproj", "{775DD13F-B23C-44A0-8038-8D167B6A7848}"
EndProject
Project("{FAE04EC0-301F-11D3-BF4B-00C04F79EFBC}") = "WinFormCadEditoraJSON2", "WinFormCadEditoraJSON2\WinFormCadEditoraJSON2.csproj", "{F17F7FAD-1BCE-4465-8DF4-BEDFFD991990}"
EndProject
Project("{FAE04EC0-301F-11D3-BF4B-00C04F79EFBC}") = "WinFormCadEditoraXML1", "WinFormCadEditoraXML1\WinFormCadEditoraXML1.csproj", "{51CDC4AB-7E75-4BCE-A291-19F6FFB66EBD}"
EndProject
Project("{FAE04EC0-301F-11D3-BF4B-00C04F79EFBC}") = "ProgramacaoParalelaThreading1", "ProgramacaoParalelaThreading1\ProgramacaoParalelaThreading1.csproj", "{4A1BAC9B-68A5-43E7-9C03-E6F01F62B0A7}"
EndProject
Project("{FAE04EC0-301F-11D3-BF4B-00C04F79EFBC}") = "ProgramacaoParalelaConcorrenteThreading1", "ProgramacaoParalelaConcorrenteThreading1\ProgramacaoParalelaConcorrenteThreading1.csproj", "{D23066C5-0882-4977-B507-5513A78E8AEC}"
EndProject
Project("{FAE04EC0-301F-11D3-BF4B-00C04F79EFBC}") = "ProgramacaoParalelaThreading2", "ProgramacaoParalelaThreading2\ProgramacaoParalelaThreading2.csproj", "{3B5CB417-8DA3-4176-8652-4D30C70F927B}"
EndProject
Project("{FAE04EC0-301F-11D3-BF4B-00C04F79EFBC}") = "ProgramacaoParalelaThreading3", "ProgramacaoParalelaThreading3\ProgramacaoParalelaThreading3.csproj", "{7F3526F9-F3C1-4843-B32E-92D0FDE1DC11}"
EndProject
Project("{FAE04EC0-301F-11D3-BF4B-00C04F79EFBC}") = "StaticImport1", "StaticImport1\StaticImport1.csproj", "{AF02EC76-01E8-4B91-A322-D460A663333A}"
EndProject
Project("{FAE04EC0-301F-11D3-BF4B-00C04F79EFBC}") = "ExpressionBodiedMembers1", "ExpressionBodiedMembers1\ExpressionBodiedMembers1.csproj", "{AC6D94CD-28DF-44DF-8A55-A8F679289FD6}"
EndProject
Project("{FAE04EC0-301F-11D3-BF4B-00C04F79EFBC}") = "StringInterpolation1", "StringInterpolation1\StringInterpolation1.csproj", "{D6CA6316-FBE2-43EC-A440-52F873AE4CD0}"
EndProject
Project("{FAE04EC0-301F-11D3-BF4B-00C04F79EFBC}") = "NullPropagationOperator1", "NullPropagationOperator1\NullPropagationOperator1.csproj", "{85E1342B-A347-4014-B9EA-0DDE969AC936}"
EndProject
Project("{FAE04EC0-301F-11D3-BF4B-00C04F79EFBC}") = "NameofOperator1", "NameofOperator1\NameofOperator1.csproj", "{E25A9B4D-76AA-4F62-A390-5D65166E1DE3}"
EndProject
Project("{FAE04EC0-301F-11D3-BF4B-00C04F79EFBC}") = "ExceptionFiltering1", "ExceptionFiltering1\ExceptionFiltering1.csproj", "{D46B1A96-35D6-4102-9E1A-83B9A1DD670C}"
EndProject
Global
	GlobalSection(SolutionConfigurationPlatforms) = preSolution
		Debug|Any CPU = Debug|Any CPU
		Release|Any CPU = Release|Any CPU
	EndGlobalSection
	GlobalSection(ProjectConfigurationPlatforms) = postSolution
		{3B7CA303-6E4F-46BE-95CA-47D188C87A3E}.Debug|Any CPU.ActiveCfg = Debug|Any CPU
		{3B7CA303-6E4F-46BE-95CA-47D188C87A3E}.Debug|Any CPU.Build.0 = Debug|Any CPU
		{3B7CA303-6E4F-46BE-95CA-47D188C87A3E}.Release|Any CPU.ActiveCfg = Release|Any CPU
		{3B7CA303-6E4F-46BE-95CA-47D188C87A3E}.Release|Any CPU.Build.0 = Release|Any CPU
		{B460415E-0643-4647-80C0-E6CCFE3A2EF6}.Debug|Any CPU.ActiveCfg = Debug|Any CPU
		{B460415E-0643-4647-80C0-E6CCFE3A2EF6}.Debug|Any CPU.Build.0 = Debug|Any CPU
		{B460415E-0643-4647-80C0-E6CCFE3A2EF6}.Release|Any CPU.ActiveCfg = Release|Any CPU
		{B460415E-0643-4647-80C0-E6CCFE3A2EF6}.Release|Any CPU.Build.0 = Release|Any CPU
		{21FBA03F-A18E-4779-BF17-BAFA3527A033}.Debug|Any CPU.ActiveCfg = Debug|Any CPU
		{21FBA03F-A18E-4779-BF17-BAFA3527A033}.Debug|Any CPU.Build.0 = Debug|Any CPU
		{21FBA03F-A18E-4779-BF17-BAFA3527A033}.Release|Any CPU.ActiveCfg = Release|Any CPU
		{21FBA03F-A18E-4779-BF17-BAFA3527A033}.Release|Any CPU.Build.0 = Release|Any CPU
		{FECF27E8-4FE2-4237-B523-1E5932011AA3}.Debug|Any CPU.ActiveCfg = Debug|Any CPU
		{FECF27E8-4FE2-4237-B523-1E5932011AA3}.Debug|Any CPU.Build.0 = Debug|Any CPU
		{FECF27E8-4FE2-4237-B523-1E5932011AA3}.Release|Any CPU.ActiveCfg = Release|Any CPU
		{FECF27E8-4FE2-4237-B523-1E5932011AA3}.Release|Any CPU.Build.0 = Release|Any CPU
		{E713C43D-46BF-45EC-A2DF-61D937B26600}.Debug|Any CPU.ActiveCfg = Debug|Any CPU
		{E713C43D-46BF-45EC-A2DF-61D937B26600}.Debug|Any CPU.Build.0 = Debug|Any CPU
		{E713C43D-46BF-45EC-A2DF-61D937B26600}.Release|Any CPU.ActiveCfg = Release|Any CPU
		{E713C43D-46BF-45EC-A2DF-61D937B26600}.Release|Any CPU.Build.0 = Release|Any CPU
		{F37F8495-7656-456C-8745-7035038E2A14}.Debug|Any CPU.ActiveCfg = Debug|Any CPU
		{F37F8495-7656-456C-8745-7035038E2A14}.Debug|Any CPU.Build.0 = Debug|Any CPU
		{F37F8495-7656-456C-8745-7035038E2A14}.Release|Any CPU.ActiveCfg = Release|Any CPU
		{F37F8495-7656-456C-8745-7035038E2A14}.Release|Any CPU.Build.0 = Release|Any CPU
		{249E9287-B156-4D53-8356-3C4322451EA3}.Debug|Any CPU.ActiveCfg = Debug|Any CPU
		{249E9287-B156-4D53-8356-3C4322451EA3}.Debug|Any CPU.Build.0 = Debug|Any CPU
		{249E9287-B156-4D53-8356-3C4322451EA3}.Release|Any CPU.ActiveCfg = Release|Any CPU
		{249E9287-B156-4D53-8356-3C4322451EA3}.Release|Any CPU.Build.0 = Release|Any CPU
		{9DA08F19-D8EB-4540-BD02-88FE6F6747DF}.Debug|Any CPU.ActiveCfg = Debug|Any CPU
		{9DA08F19-D8EB-4540-BD02-88FE6F6747DF}.Debug|Any CPU.Build.0 = Debug|Any CPU
		{9DA08F19-D8EB-4540-BD02-88FE6F6747DF}.Release|Any CPU.ActiveCfg = Release|Any CPU
		{9DA08F19-D8EB-4540-BD02-88FE6F6747DF}.Release|Any CPU.Build.0 = Release|Any CPU
		{670BB53B-BB5E-48B8-BEED-A95593B88674}.Debug|Any CPU.ActiveCfg = Debug|Any CPU
		{670BB53B-BB5E-48B8-BEED-A95593B88674}.Debug|Any CPU.Build.0 = Debug|Any CPU
		{670BB53B-BB5E-48B8-BEED-A95593B88674}.Release|Any CPU.ActiveCfg = Release|Any CPU
		{670BB53B-BB5E-48B8-BEED-A95593B88674}.Release|Any CPU.Build.0 = Release|Any CPU
		{775DD13F-B23C-44A0-8038-8D167B6A7848}.Debug|Any CPU.ActiveCfg = Debug|Any CPU
		{775DD13F-B23C-44A0-8038-8D167B6A7848}.Debug|Any CPU.Build.0 = Debug|Any CPU
		{775DD13F-B23C-44A0-8038-8D167B6A7848}.Release|Any CPU.ActiveCfg = Release|Any CPU
		{775DD13F-B23C-44A0-8038-8D167B6A7848}.Release|Any CPU.Build.0 = Release|Any CPU
		{F17F7FAD-1BCE-4465-8DF4-BEDFFD991990}.Debug|Any CPU.ActiveCfg = Debug|Any CPU
		{F17F7FAD-1BCE-4465-8DF4-BEDFFD991990}.Debug|Any CPU.Build.0 = Debug|Any CPU
		{F17F7FAD-1BCE-4465-8DF4-BEDFFD991990}.Release|Any CPU.ActiveCfg = Release|Any CPU
		{F17F7FAD-1BCE-4465-8DF4-BEDFFD991990}.Release|Any CPU.Build.0 = Release|Any CPU
		{51CDC4AB-7E75-4BCE-A291-19F6FFB66EBD}.Debug|Any CPU.ActiveCfg = Debug|Any CPU
		{51CDC4AB-7E75-4BCE-A291-19F6FFB66EBD}.Debug|Any CPU.Build.0 = Debug|Any CPU
		{51CDC4AB-7E75-4BCE-A291-19F6FFB66EBD}.Release|Any CPU.ActiveCfg = Release|Any CPU
		{51CDC4AB-7E75-4BCE-A291-19F6FFB66EBD}.Release|Any CPU.Build.0 = Release|Any CPU
		{4A1BAC9B-68A5-43E7-9C03-E6F01F62B0A7}.Debug|Any CPU.ActiveCfg = Debug|Any CPU
		{4A1BAC9B-68A5-43E7-9C03-E6F01F62B0A7}.Debug|Any CPU.Build.0 = Debug|Any CPU
		{4A1BAC9B-68A5-43E7-9C03-E6F01F62B0A7}.Release|Any CPU.ActiveCfg = Release|Any CPU
		{4A1BAC9B-68A5-43E7-9C03-E6F01F62B0A7}.Release|Any CPU.Build.0 = Release|Any CPU
		{D23066C5-0882-4977-B507-5513A78E8AEC}.Debug|Any CPU.ActiveCfg = Debug|Any CPU
		{D23066C5-0882-4977-B507-5513A78E8AEC}.Debug|Any CPU.Build.0 = Debug|Any CPU
		{D23066C5-0882-4977-B507-5513A78E8AEC}.Release|Any CPU.ActiveCfg = Release|Any CPU
		{D23066C5-0882-4977-B507-5513A78E8AEC}.Release|Any CPU.Build.0 = Release|Any CPU
		{3B5CB417-8DA3-4176-8652-4D30C70F927B}.Debug|Any CPU.ActiveCfg = Debug|Any CPU
		{3B5CB417-8DA3-4176-8652-4D30C70F927B}.Debug|Any CPU.Build.0 = Debug|Any CPU
		{3B5CB417-8DA3-4176-8652-4D30C70F927B}.Release|Any CPU.ActiveCfg = Release|Any CPU
		{3B5CB417-8DA3-4176-8652-4D30C70F927B}.Release|Any CPU.Build.0 = Release|Any CPU
		{7F3526F9-F3C1-4843-B32E-92D0FDE1DC11}.Debug|Any CPU.ActiveCfg = Debug|Any CPU
		{7F3526F9-F3C1-4843-B32E-92D0FDE1DC11}.Debug|Any CPU.Build.0 = Debug|Any CPU
		{7F3526F9-F3C1-4843-B32E-92D0FDE1DC11}.Release|Any CPU.ActiveCfg = Release|Any CPU
		{7F3526F9-F3C1-4843-B32E-92D0FDE1DC11}.Release|Any CPU.Build.0 = Release|Any CPU
		{AF02EC76-01E8-4B91-A322-D460A663333A}.Debug|Any CPU.ActiveCfg = Debug|Any CPU
		{AF02EC76-01E8-4B91-A322-D460A663333A}.Debug|Any CPU.Build.0 = Debug|Any CPU
		{AF02EC76-01E8-4B91-A322-D460A663333A}.Release|Any CPU.ActiveCfg = Release|Any CPU
		{AF02EC76-01E8-4B91-A322-D460A663333A}.Release|Any CPU.Build.0 = Release|Any CPU
		{AC6D94CD-28DF-44DF-8A55-A8F679289FD6}.Debug|Any CPU.ActiveCfg = Debug|Any CPU
		{AC6D94CD-28DF-44DF-8A55-A8F679289FD6}.Debug|Any CPU.Build.0 = Debug|Any CPU
		{AC6D94CD-28DF-44DF-8A55-A8F679289FD6}.Release|Any CPU.ActiveCfg = Release|Any CPU
		{AC6D94CD-28DF-44DF-8A55-A8F679289FD6}.Release|Any CPU.Build.0 = Release|Any CPU
		{D6CA6316-FBE2-43EC-A440-52F873AE4CD0}.Debug|Any CPU.ActiveCfg = Debug|Any CPU
		{D6CA6316-FBE2-43EC-A440-52F873AE4CD0}.Debug|Any CPU.Build.0 = Debug|Any CPU
		{D6CA6316-FBE2-43EC-A440-52F873AE4CD0}.Release|Any CPU.ActiveCfg = Release|Any CPU
		{D6CA6316-FBE2-43EC-A440-52F873AE4CD0}.Release|Any CPU.Build.0 = Release|Any CPU
		{85E1342B-A347-4014-B9EA-0DDE969AC936}.Debug|Any CPU.ActiveCfg = Debug|Any CPU
		{85E1342B-A347-4014-B9EA-0DDE969AC936}.Debug|Any CPU.Build.0 = Debug|Any CPU
		{85E1342B-A347-4014-B9EA-0DDE969AC936}.Release|Any CPU.ActiveCfg = Release|Any CPU
		{85E1342B-A347-4014-B9EA-0DDE969AC936}.Release|Any CPU.Build.0 = Release|Any CPU
		{E25A9B4D-76AA-4F62-A390-5D65166E1DE3}.Debug|Any CPU.ActiveCfg = Debug|Any CPU
		{E25A9B4D-76AA-4F62-A390-5D65166E1DE3}.Debug|Any CPU.Build.0 = Debug|Any CPU
		{E25A9B4D-76AA-4F62-A390-5D65166E1DE3}.Release|Any CPU.ActiveCfg = Release|Any CPU
		{E25A9B4D-76AA-4F62-A390-5D65166E1DE3}.Release|Any CPU.Build.0 = Release|Any CPU
		{D46B1A96-35D6-4102-9E1A-83B9A1DD670C}.Debug|Any CPU.ActiveCfg = Debug|Any CPU
		{D46B1A96-35D6-4102-9E1A-83B9A1DD670C}.Debug|Any CPU.Build.0 = Debug|Any CPU
		{D46B1A96-35D6-4102-9E1A-83B9A1DD670C}.Release|Any CPU.ActiveCfg = Release|Any CPU
		{D46B1A96-35D6-4102-9E1A-83B9A1DD670C}.Release|Any CPU.Build.0 = Release|Any CPU
	EndGlobalSection
	GlobalSection(SolutionProperties) = preSolution
		HideSolutionNode = FALSE
	EndGlobalSection
EndGlobal
